
Microsoft Visual Studio Solution File, Format Version 12.00
# Visual Studio Version 17
VisualStudioVersion = 17.8.34511.84
MinimumVisualStudioVersion = 10.0.40219.1
Project("{FAE04EC0-301F-11D3-BF4B-00C04F79EFBC}") = "Pokemon", "Pokemon.csproj", "{4860D79F-DF3D-452C-A0B8-8B4F4D84630A}"
EndProject
Global
	GlobalSection(SolutionConfigurationPlatforms) = preSolution
		Debug|Any CPU = Debug|Any CPU
		Release|Any CPU = Release|Any CPU
	EndGlobalSection
	GlobalSection(ProjectConfigurationPlatforms) = postSolution
		{4860D79F-DF3D-452C-A0B8-8B4F4D84630A}.Debug|Any CPU.ActiveCfg = Debug|Any CPU
		{4860D79F-DF3D-452C-A0B8-8B4F4D84630A}.Debug|Any CPU.Build.0 = Debug|Any CPU
		{4860D79F-DF3D-452C-A0B8-8B4F4D84630A}.Release|Any CPU.ActiveCfg = Release|Any CPU
		{4860D79F-DF3D-452C-A0B8-8B4F4D84630A}.Release|Any CPU.Build.0 = Release|Any CPU
	EndGlobalSection
	GlobalSection(SolutionProperties) = preSolution
		HideSolutionNode = FALSE
	EndGlobalSection
	GlobalSection(ExtensibilityGlobals) = postSolution
		SolutionGuid = {A28E4564-896D-4D1E-859F-B8EC9C5FFE4E}
	EndGlobalSection
EndGlobal
